
Microsoft Visual Studio Solution File, Format Version 12.00
# Visual Studio 15
VisualStudioVersion = 15.0.27130.2003
MinimumVisualStudioVersion = 10.0.40219.1
Project("{FAE04EC0-301F-11D3-BF4B-00C04F79EFBC}") = "ConsoleApp", "ConsoleApp\ConsoleApp.csproj", "{26BD3E6D-3671-445C-950B-6C20F96D23BF}"
EndProject
Global
	GlobalSection(SolutionConfigurationPlatforms) = preSolution
		Debug|Any CPU = Debug|Any CPU
		Release|Any CPU = Release|Any CPU
	EndGlobalSection
	GlobalSection(ProjectConfigurationPlatforms) = postSolution
		{26BD3E6D-3671-445C-950B-6C20F96D23BF}.Debug|Any CPU.ActiveCfg = Debug|Any CPU
		{26BD3E6D-3671-445C-950B-6C20F96D23BF}.Debug|Any CPU.Build.0 = Debug|Any CPU
		{26BD3E6D-3671-445C-950B-6C20F96D23BF}.Release|Any CPU.ActiveCfg = Release|Any CPU
		{26BD3E6D-3671-445C-950B-6C20F96D23BF}.Release|Any CPU.Build.0 = Release|Any CPU
	EndGlobalSection
	GlobalSection(SolutionProperties) = preSolution
		HideSolutionNode = FALSE
	EndGlobalSection
	GlobalSection(ExtensibilityGlobals) = postSolution
		SolutionGuid = {2F4544B4-45F6-4733-B7B4-A07457D165FA}
	EndGlobalSection
EndGlobal
